// !$*UTF8*$!
{
	archiveVersion = 1;
	classes = {
	};
	objectVersion = 48;
	objects = {

/* Begin PBXBuildFile section */
		0793EB2B1F380DDC007C2965 /* AuthService.swift in Sources */ = {isa = PBXBuildFile; fileRef = 0793EB2A1F380DDC007C2965 /* AuthService.swift */; };
		0793EB2D1F3817D8007C2965 /* RoundedButton.swift in Sources */ = {isa = PBXBuildFile; fileRef = 0793EB2C1F3817D8007C2965 /* RoundedButton.swift */; };
		07A6B86A1F36BF8500C26664 /* AppDelegate.swift in Sources */ = {isa = PBXBuildFile; fileRef = 07A6B8691F36BF8500C26664 /* AppDelegate.swift */; };
		07A6B86F1F36BF8500C26664 /* Main.storyboard in Resources */ = {isa = PBXBuildFile; fileRef = 07A6B86D1F36BF8500C26664 /* Main.storyboard */; };
		07A6B8711F36BF8500C26664 /* Assets.xcassets in Resources */ = {isa = PBXBuildFile; fileRef = 07A6B8701F36BF8500C26664 /* Assets.xcassets */; };
		07A6B8741F36BF8500C26664 /* LaunchScreen.storyboard in Resources */ = {isa = PBXBuildFile; fileRef = 07A6B8721F36BF8500C26664 /* LaunchScreen.storyboard */; };
		07A6B87E1F36C5BB00C26664 /* SWRevealViewController.m in Sources */ = {isa = PBXBuildFile; fileRef = 07A6B87C1F36C5BB00C26664 /* SWRevealViewController.m */; };
		07A6B8831F36CA6A00C26664 /* ChatVC.swift in Sources */ = {isa = PBXBuildFile; fileRef = 07A6B8821F36CA6A00C26664 /* ChatVC.swift */; };
		07A6B8851F36CA8000C26664 /* ChannelVC.swift in Sources */ = {isa = PBXBuildFile; fileRef = 07A6B8841F36CA8000C26664 /* ChannelVC.swift */; };
		07A6B8871F36D75B00C26664 /* GradientView.swift in Sources */ = {isa = PBXBuildFile; fileRef = 07A6B8861F36D75B00C26664 /* GradientView.swift */; };
		07A6B88D1F36E67600C26664 /* Constants.swift in Sources */ = {isa = PBXBuildFile; fileRef = 07A6B88C1F36E67600C26664 /* Constants.swift */; };
		07A6B88F1F37A4D500C26664 /* LoginVC.swift in Sources */ = {isa = PBXBuildFile; fileRef = 07A6B88E1F37A4D500C26664 /* LoginVC.swift */; };
		07A6B8911F37A77500C26664 /* CreateAccountVC.swift in Sources */ = {isa = PBXBuildFile; fileRef = 07A6B8901F37A77500C26664 /* CreateAccountVC.swift */; };
		B7BADE1555BD9A37878B4E22 /* Pods_Smack.framework in Frameworks */ = {isa = PBXBuildFile; fileRef = 8460710CB70E6DF491B3935A /* Pods_Smack.framework */; };
/* End PBXBuildFile section */

/* Begin PBXFileReference section */
		0793EB2A1F380DDC007C2965 /* AuthService.swift */ = {isa = PBXFileReference; lastKnownFileType = sourcecode.swift; path = AuthService.swift; sourceTree = "<group>"; };
		0793EB2C1F3817D8007C2965 /* RoundedButton.swift */ = {isa = PBXFileReference; lastKnownFileType = sourcecode.swift; path = RoundedButton.swift; sourceTree = "<group>"; };
		07A6B8661F36BF8500C26664 /* Smack.app */ = {isa = PBXFileReference; explicitFileType = wrapper.application; includeInIndex = 0; path = Smack.app; sourceTree = BUILT_PRODUCTS_DIR; };
		07A6B8691F36BF8500C26664 /* AppDelegate.swift */ = {isa = PBXFileReference; lastKnownFileType = sourcecode.swift; path = AppDelegate.swift; sourceTree = "<group>"; };
		07A6B86E1F36BF8500C26664 /* Base */ = {isa = PBXFileReference; lastKnownFileType = file.storyboard; name = Base; path = Base.lproj/Main.storyboard; sourceTree = "<group>"; };
		07A6B8701F36BF8500C26664 /* Assets.xcassets */ = {isa = PBXFileReference; lastKnownFileType = folder.assetcatalog; path = Assets.xcassets; sourceTree = "<group>"; };
		07A6B8731F36BF8500C26664 /* Base */ = {isa = PBXFileReference; lastKnownFileType = file.storyboard; name = Base; path = Base.lproj/LaunchScreen.storyboard; sourceTree = "<group>"; };
		07A6B8751F36BF8500C26664 /* Info.plist */ = {isa = PBXFileReference; lastKnownFileType = text.plist.xml; path = Info.plist; sourceTree = "<group>"; };
		07A6B87B1F36C5BA00C26664 /* Smack-Bridging-Header.h */ = {isa = PBXFileReference; lastKnownFileType = sourcecode.c.h; path = "Smack-Bridging-Header.h"; sourceTree = "<group>"; };
		07A6B87C1F36C5BB00C26664 /* SWRevealViewController.m */ = {isa = PBXFileReference; lastKnownFileType = sourcecode.c.objc; path = SWRevealViewController.m; sourceTree = "<group>"; };
		07A6B87D1F36C5BB00C26664 /* SWRevealViewController.h */ = {isa = PBXFileReference; lastKnownFileType = sourcecode.c.h; path = SWRevealViewController.h; sourceTree = "<group>"; };
		07A6B8821F36CA6A00C26664 /* ChatVC.swift */ = {isa = PBXFileReference; lastKnownFileType = sourcecode.swift; path = ChatVC.swift; sourceTree = "<group>"; };
		07A6B8841F36CA8000C26664 /* ChannelVC.swift */ = {isa = PBXFileReference; lastKnownFileType = sourcecode.swift; path = ChannelVC.swift; sourceTree = "<group>"; };
		07A6B8861F36D75B00C26664 /* GradientView.swift */ = {isa = PBXFileReference; lastKnownFileType = sourcecode.swift; path = GradientView.swift; sourceTree = "<group>"; };
		07A6B88C1F36E67600C26664 /* Constants.swift */ = {isa = PBXFileReference; lastKnownFileType = sourcecode.swift; path = Constants.swift; sourceTree = "<group>"; };
		07A6B88E1F37A4D500C26664 /* LoginVC.swift */ = {isa = PBXFileReference; lastKnownFileType = sourcecode.swift; path = LoginVC.swift; sourceTree = "<group>"; };
		07A6B8901F37A77500C26664 /* CreateAccountVC.swift */ = {isa = PBXFileReference; lastKnownFileType = sourcecode.swift; path = CreateAccountVC.swift; sourceTree = "<group>"; };
		18596763D82A4A1226322FAF /* Pods-Smack.release.xcconfig */ = {isa = PBXFileReference; includeInIndex = 1; lastKnownFileType = text.xcconfig; name = "Pods-Smack.release.xcconfig"; path = "Pods/Target Support Files/Pods-Smack/Pods-Smack.release.xcconfig"; sourceTree = "<group>"; };
		8460710CB70E6DF491B3935A /* Pods_Smack.framework */ = {isa = PBXFileReference; explicitFileType = wrapper.framework; includeInIndex = 0; path = Pods_Smack.framework; sourceTree = BUILT_PRODUCTS_DIR; };
		B8EECCD1592915E249470EE8 /* Pods-Smack.debug.xcconfig */ = {isa = PBXFileReference; includeInIndex = 1; lastKnownFileType = text.xcconfig; name = "Pods-Smack.debug.xcconfig"; path = "Pods/Target Support Files/Pods-Smack/Pods-Smack.debug.xcconfig"; sourceTree = "<group>"; };
/* End PBXFileReference section */

/* Begin PBXFrameworksBuildPhase section */
		07A6B8631F36BF8500C26664 /* Frameworks */ = {
			isa = PBXFrameworksBuildPhase;
			buildActionMask = 2147483647;
			files = (
				B7BADE1555BD9A37878B4E22 /* Pods_Smack.framework in Frameworks */,
			);
			runOnlyForDeploymentPostprocessing = 0;
		};
/* End PBXFrameworksBuildPhase section */

/* Begin PBXGroup section */
		004C20777ADF7204A46D2CC7 /* Pods */ = {
			isa = PBXGroup;
			children = (
				B8EECCD1592915E249470EE8 /* Pods-Smack.debug.xcconfig */,
				18596763D82A4A1226322FAF /* Pods-Smack.release.xcconfig */,
			);
			name = Pods;
			sourceTree = "<group>";
		};
		0793EB291F380DC6007C2965 /* Services */ = {
			isa = PBXGroup;
			children = (
				0793EB2A1F380DDC007C2965 /* AuthService.swift */,
			);
			path = Services;
			sourceTree = "<group>";
		};
		07A6B85D1F36BF8500C26664 = {
			isa = PBXGroup;
			children = (
				07A6B8681F36BF8500C26664 /* Smack */,
				07A6B8671F36BF8500C26664 /* Products */,
				004C20777ADF7204A46D2CC7 /* Pods */,
				0CFF9C4A0F7AE66C64F31C47 /* Frameworks */,
			);
			sourceTree = "<group>";
		};
		07A6B8671F36BF8500C26664 /* Products */ = {
			isa = PBXGroup;
			children = (
				07A6B8661F36BF8500C26664 /* Smack.app */,
			);
			name = Products;
			sourceTree = "<group>";
		};
		07A6B8681F36BF8500C26664 /* Smack */ = {
			isa = PBXGroup;
			children = (
				0793EB291F380DC6007C2965 /* Services */,
				07A6B88B1F36E66200C26664 /* Utilities */,
				07A6B8811F36CA2400C26664 /* Model */,
				07A6B8801F36CA1700C26664 /* View */,
				07A6B87F1F36CA0700C26664 /* Controller */,
				07A6B87D1F36C5BB00C26664 /* SWRevealViewController.h */,
				07A6B87C1F36C5BB00C26664 /* SWRevealViewController.m */,
				07A6B8691F36BF8500C26664 /* AppDelegate.swift */,
				07A6B86D1F36BF8500C26664 /* Main.storyboard */,
				07A6B8701F36BF8500C26664 /* Assets.xcassets */,
				07A6B8721F36BF8500C26664 /* LaunchScreen.storyboard */,
				07A6B8751F36BF8500C26664 /* Info.plist */,
				07A6B87B1F36C5BA00C26664 /* Smack-Bridging-Header.h */,
			);
			path = Smack;
			sourceTree = "<group>";
		};
		07A6B87F1F36CA0700C26664 /* Controller */ = {
			isa = PBXGroup;
			children = (
				07A6B8821F36CA6A00C26664 /* ChatVC.swift */,
				07A6B8841F36CA8000C26664 /* ChannelVC.swift */,
				07A6B88E1F37A4D500C26664 /* LoginVC.swift */,
				07A6B8901F37A77500C26664 /* CreateAccountVC.swift */,
			);
			path = Controller;
			sourceTree = "<group>";
		};
		07A6B8801F36CA1700C26664 /* View */ = {
			isa = PBXGroup;
			children = (
				07A6B8861F36D75B00C26664 /* GradientView.swift */,
				0793EB2C1F3817D8007C2965 /* RoundedButton.swift */,
			);
			path = View;
			sourceTree = "<group>";
		};
		07A6B8811F36CA2400C26664 /* Model */ = {
			isa = PBXGroup;
			children = (
			);
			path = Model;
			sourceTree = "<group>";
		};
		07A6B88B1F36E66200C26664 /* Utilities */ = {
			isa = PBXGroup;
			children = (
				07A6B88C1F36E67600C26664 /* Constants.swift */,
			);
			name = Utilities;
			path = "New Group";
			sourceTree = "<group>";
		};
		0CFF9C4A0F7AE66C64F31C47 /* Frameworks */ = {
			isa = PBXGroup;
			children = (
				8460710CB70E6DF491B3935A /* Pods_Smack.framework */,
			);
			name = Frameworks;
			sourceTree = "<group>";
		};
/* End PBXGroup section */

/* Begin PBXNativeTarget section */
		07A6B8651F36BF8500C26664 /* Smack */ = {
			isa = PBXNativeTarget;
			buildConfigurationList = 07A6B8781F36BF8500C26664 /* Build configuration list for PBXNativeTarget "Smack" */;
			buildPhases = (
				67AD89A36C131BD0249EFFCA /* [CP] Check Pods Manifest.lock */,
				07A6B8621F36BF8500C26664 /* Sources */,
				07A6B8631F36BF8500C26664 /* Frameworks */,
				07A6B8641F36BF8500C26664 /* Resources */,
				284F7FB5DA3944A0E041495A /* [CP] Embed Pods Frameworks */,
				ABDB80B893EA634A94119847 /* [CP] Copy Pods Resources */,
			);
			buildRules = (
			);
			dependencies = (
			);
			name = Smack;
			productName = Smack;
			productReference = 07A6B8661F36BF8500C26664 /* Smack.app */;
			productType = "com.apple.product-type.application";
		};
/* End PBXNativeTarget section */

/* Begin PBXProject section */
		07A6B85E1F36BF8500C26664 /* Project object */ = {
			isa = PBXProject;
			attributes = {
				LastSwiftUpdateCheck = 0900;
				LastUpgradeCheck = 0900;
				ORGANIZATIONNAME = "Carlos Valencia";
				TargetAttributes = {
					07A6B8651F36BF8500C26664 = {
						CreatedOnToolsVersion = 9.0;
						LastSwiftMigration = 0900;
					};
				};
			};
			buildConfigurationList = 07A6B8611F36BF8500C26664 /* Build configuration list for PBXProject "Smack" */;
			compatibilityVersion = "Xcode 8.0";
			developmentRegion = en;
			hasScannedForEncodings = 0;
			knownRegions = (
				en,
				Base,
			);
			mainGroup = 07A6B85D1F36BF8500C26664;
			productRefGroup = 07A6B8671F36BF8500C26664 /* Products */;
			projectDirPath = "";
			projectRoot = "";
			targets = (
				07A6B8651F36BF8500C26664 /* Smack */,
			);
		};
/* End PBXProject section */

/* Begin PBXResourcesBuildPhase section */
		07A6B8641F36BF8500C26664 /* Resources */ = {
			isa = PBXResourcesBuildPhase;
			buildActionMask = 2147483647;
			files = (
				07A6B8741F36BF8500C26664 /* LaunchScreen.storyboard in Resources */,
				07A6B8711F36BF8500C26664 /* Assets.xcassets in Resources */,
				07A6B86F1F36BF8500C26664 /* Main.storyboard in Resources */,
			);
			runOnlyForDeploymentPostprocessing = 0;
		};
/* End PBXResourcesBuildPhase section */

/* Begin PBXShellScriptBuildPhase section */
		284F7FB5DA3944A0E041495A /* [CP] Embed Pods Frameworks */ = {
			isa = PBXShellScriptBuildPhase;
			buildActionMask = 2147483647;
			files = (
			);
			inputPaths = (
			);
			name = "[CP] Embed Pods Frameworks";
			outputPaths = (
			);
			runOnlyForDeploymentPostprocessing = 0;
			shellPath = /bin/sh;
			shellScript = "\"${SRCROOT}/Pods/Target Support Files/Pods-Smack/Pods-Smack-frameworks.sh\"\n";
			showEnvVarsInLog = 0;
		};
		67AD89A36C131BD0249EFFCA /* [CP] Check Pods Manifest.lock */ = {
			isa = PBXShellScriptBuildPhase;
			buildActionMask = 2147483647;
			files = (
			);
			inputPaths = (
			);
			name = "[CP] Check Pods Manifest.lock";
			outputPaths = (
			);
			runOnlyForDeploymentPostprocessing = 0;
			shellPath = /bin/sh;
			shellScript = "diff \"${PODS_PODFILE_DIR_PATH}/Podfile.lock\" \"${PODS_ROOT}/Manifest.lock\" > /dev/null\nif [ $? != 0 ] ; then\n    # print error to STDERR\n    echo \"error: The sandbox is not in sync with the Podfile.lock. Run 'pod install' or update your CocoaPods installation.\" >&2\n    exit 1\nfi\n";
			showEnvVarsInLog = 0;
		};
		ABDB80B893EA634A94119847 /* [CP] Copy Pods Resources */ = {
			isa = PBXShellScriptBuildPhase;
			buildActionMask = 2147483647;
			files = (
			);
			inputPaths = (
			);
			name = "[CP] Copy Pods Resources";
			outputPaths = (
			);
			runOnlyForDeploymentPostprocessing = 0;
			shellPath = /bin/sh;
			shellScript = "\"${SRCROOT}/Pods/Target Support Files/Pods-Smack/Pods-Smack-resources.sh\"\n";
			showEnvVarsInLog = 0;
		};
/* End PBXShellScriptBuildPhase section */

/* Begin PBXSourcesBuildPhase section */
		07A6B8621F36BF8500C26664 /* Sources */ = {
			isa = PBXSourcesBuildPhase;
			buildActionMask = 2147483647;
			files = (
				07A6B8851F36CA8000C26664 /* ChannelVC.swift in Sources */,
				0793EB2D1F3817D8007C2965 /* RoundedButton.swift in Sources */,
				07A6B8831F36CA6A00C26664 /* ChatVC.swift in Sources */,
				07A6B8911F37A77500C26664 /* CreateAccountVC.swift in Sources */,
				0793EB2B1F380DDC007C2965 /* AuthService.swift in Sources */,
				07A6B88F1F37A4D500C26664 /* LoginVC.swift in Sources */,
				07A6B8871F36D75B00C26664 /* GradientView.swift in Sources */,
				07A6B86A1F36BF8500C26664 /* AppDelegate.swift in Sources */,
				07A6B87E1F36C5BB00C26664 /* SWRevealViewController.m in Sources */,
				07A6B88D1F36E67600C26664 /* Constants.swift in Sources */,
			);
			runOnlyForDeploymentPostprocessing = 0;
		};
/* End PBXSourcesBuildPhase section */

/* Begin PBXVariantGroup section */
		07A6B86D1F36BF8500C26664 /* Main.storyboard */ = {
			isa = PBXVariantGroup;
			children = (
				07A6B86E1F36BF8500C26664 /* Base */,
			);
			name = Main.storyboard;
			sourceTree = "<group>";
		};
		07A6B8721F36BF8500C26664 /* LaunchScreen.storyboard */ = {
			isa = PBXVariantGroup;
			children = (
				07A6B8731F36BF8500C26664 /* Base */,
			);
			name = LaunchScreen.storyboard;
			sourceTree = "<group>";
		};
/* End PBXVariantGroup section */

/* Begin XCBuildConfiguration section */
		07A6B8761F36BF8500C26664 /* Debug */ = {
			isa = XCBuildConfiguration;
			buildSettings = {
				ALWAYS_SEARCH_USER_PATHS = NO;
				CLANG_ANALYZER_NONNULL = YES;
				CLANG_ANALYZER_NUMBER_OBJECT_CONVERSION = YES_AGGRESSIVE;
				CLANG_CXX_LANGUAGE_STANDARD = "gnu++14";
				CLANG_CXX_LIBRARY = "libc++";
				CLANG_ENABLE_MODULES = YES;
				CLANG_ENABLE_OBJC_ARC = YES;
				CLANG_WARN_BLOCK_CAPTURE_AUTORELEASING = YES;
				CLANG_WARN_BOOL_CONVERSION = YES;
				CLANG_WARN_COMMA = YES;
				CLANG_WARN_CONSTANT_CONVERSION = YES;
				CLANG_WARN_DIRECT_OBJC_ISA_USAGE = YES_ERROR;
				CLANG_WARN_DOCUMENTATION_COMMENTS = YES;
				CLANG_WARN_EMPTY_BODY = YES;
				CLANG_WARN_ENUM_CONVERSION = YES;
				CLANG_WARN_INFINITE_RECURSION = YES;
				CLANG_WARN_INT_CONVERSION = YES;
				CLANG_WARN_NON_LITERAL_NULL_CONVERSION = YES;
				CLANG_WARN_OBJC_LITERAL_CONVERSION = YES;
				CLANG_WARN_OBJC_ROOT_CLASS = YES_ERROR;
				CLANG_WARN_RANGE_LOOP_ANALYSIS = YES;
				CLANG_WARN_STRICT_PROTOTYPES = YES;
				CLANG_WARN_SUSPICIOUS_MOVE = YES;
				CLANG_WARN_UNGUARDED_AVAILABILITY = YES_AGGRESSIVE;
				CLANG_WARN_UNREACHABLE_CODE = YES;
				CLANG_WARN__DUPLICATE_METHOD_MATCH = YES;
				CODE_SIGN_IDENTITY = "iPhone Developer";
				COPY_PHASE_STRIP = NO;
				DEBUG_INFORMATION_FORMAT = dwarf;
				ENABLE_STRICT_OBJC_MSGSEND = YES;
				ENABLE_TESTABILITY = YES;
				GCC_C_LANGUAGE_STANDARD = gnu11;
				GCC_DYNAMIC_NO_PIC = NO;
				GCC_NO_COMMON_BLOCKS = YES;
				GCC_OPTIMIZATION_LEVEL = 0;
				GCC_PREPROCESSOR_DEFINITIONS = (
					"DEBUG=1",
					"$(inherited)",
				);
				GCC_WARN_64_TO_32_BIT_CONVERSION = YES;
				GCC_WARN_ABOUT_RETURN_TYPE = YES_ERROR;
				GCC_WARN_UNDECLARED_SELECTOR = YES;
				GCC_WARN_UNINITIALIZED_AUTOS = YES_AGGRESSIVE;
				GCC_WARN_UNUSED_FUNCTION = YES;
				GCC_WARN_UNUSED_VARIABLE = YES;
				IPHONEOS_DEPLOYMENT_TARGET = 11.0;
				MTL_ENABLE_DEBUG_INFO = YES;
				ONLY_ACTIVE_ARCH = YES;
				SDKROOT = iphoneos;
				SWIFT_ACTIVE_COMPILATION_CONDITIONS = DEBUG;
				SWIFT_OPTIMIZATION_LEVEL = "-Onone";
			};
			name = Debug;
		};
		07A6B8771F36BF8500C26664 /* Release */ = {
			isa = XCBuildConfiguration;
			buildSettings = {
				ALWAYS_SEARCH_USER_PATHS = NO;
				CLANG_ANALYZER_NONNULL = YES;
				CLANG_ANALYZER_NUMBER_OBJECT_CONVERSION = YES_AGGRESSIVE;
				CLANG_CXX_LANGUAGE_STANDARD = "gnu++14";
				CLANG_CXX_LIBRARY = "libc++";
				CLANG_ENABLE_MODULES = YES;
				CLANG_ENABLE_OBJC_ARC = YES;
				CLANG_WARN_BLOCK_CAPTURE_AUTORELEASING = YES;
				CLANG_WARN_BOOL_CONVERSION = YES;
				CLANG_WARN_COMMA = YES;
				CLANG_WARN_CONSTANT_CONVERSION = YES;
				CLANG_WARN_DIRECT_OBJC_ISA_USAGE = YES_ERROR;
				CLANG_WARN_DOCUMENTATION_COMMENTS = YES;
				CLANG_WARN_EMPTY_BODY = YES;
				CLANG_WARN_ENUM_CONVERSION = YES;
				CLANG_WARN_INFINITE_RECURSION = YES;
				CLANG_WARN_INT_CONVERSION = YES;
				CLANG_WARN_NON_LITERAL_NULL_CONVERSION = YES;
				CLANG_WARN_OBJC_LITERAL_CONVERSION = YES;
				CLANG_WARN_OBJC_ROOT_CLASS = YES_ERROR;
				CLANG_WARN_RANGE_LOOP_ANALYSIS = YES;
				CLANG_WARN_STRICT_PROTOTYPES = YES;
				CLANG_WARN_SUSPICIOUS_MOVE = YES;
				CLANG_WARN_UNGUARDED_AVAILABILITY = YES_AGGRESSIVE;
				CLANG_WARN_UNREACHABLE_CODE = YES;
				CLANG_WARN__DUPLICATE_METHOD_MATCH = YES;
				CODE_SIGN_IDENTITY = "iPhone Developer";
				COPY_PHASE_STRIP = NO;
				DEBUG_INFORMATION_FORMAT = "dwarf-with-dsym";
				ENABLE_NS_ASSERTIONS = NO;
				ENABLE_STRICT_OBJC_MSGSEND = YES;
				GCC_C_LANGUAGE_STANDARD = gnu11;
				GCC_NO_COMMON_BLOCKS = YES;
				GCC_WARN_64_TO_32_BIT_CONVERSION = YES;
				GCC_WARN_ABOUT_RETURN_TYPE = YES_ERROR;
				GCC_WARN_UNDECLARED_SELECTOR = YES;
				GCC_WARN_UNINITIALIZED_AUTOS = YES_AGGRESSIVE;
				GCC_WARN_UNUSED_FUNCTION = YES;
				GCC_WARN_UNUSED_VARIABLE = YES;
				IPHONEOS_DEPLOYMENT_TARGET = 11.0;
				MTL_ENABLE_DEBUG_INFO = NO;
				SDKROOT = iphoneos;
				SWIFT_OPTIMIZATION_LEVEL = "-Owholemodule";
				VALIDATE_PRODUCT = YES;
			};
			name = Release;
		};
		07A6B8791F36BF8500C26664 /* Debug */ = {
			isa = XCBuildConfiguration;
			baseConfigurationReference = B8EECCD1592915E249470EE8 /* Pods-Smack.debug.xcconfig */;
			buildSettings = {
				ASSETCATALOG_COMPILER_APPICON_NAME = AppIcon;
				CLANG_ENABLE_MODULES = YES;
				DEVELOPMENT_TEAM = 48SN233866;
				INFOPLIST_FILE = Smack/Info.plist;
				LD_RUNPATH_SEARCH_PATHS = "$(inherited) @executable_path/Frameworks";
				PRODUCT_BUNDLE_IDENTIFIER = io.github.cfva14.Smack;
				PRODUCT_NAME = "$(TARGET_NAME)";
				SWIFT_OBJC_BRIDGING_HEADER = "Smack/Smack-Bridging-Header.h";
				SWIFT_OPTIMIZATION_LEVEL = "-Onone";
				SWIFT_VERSION = 4.0;
				TARGETED_DEVICE_FAMILY = "1,2";
			};
			name = Debug;
		};
		07A6B87A1F36BF8500C26664 /* Release */ = {
			isa = XCBuildConfiguration;
			baseConfigurationReference = 18596763D82A4A1226322FAF /* Pods-Smack.release.xcconfig */;
			buildSettings = {
				ASSETCATALOG_COMPILER_APPICON_NAME = AppIcon;
				CLANG_ENABLE_MODULES = YES;
				DEVELOPMENT_TEAM = 48SN233866;
				INFOPLIST_FILE = Smack/Info.plist;
				LD_RUNPATH_SEARCH_PATHS = "$(inherited) @executable_path/Frameworks";
				PRODUCT_BUNDLE_IDENTIFIER = io.github.cfva14.Smack;
				PRODUCT_NAME = "$(TARGET_NAME)";
				SWIFT_OBJC_BRIDGING_HEADER = "Smack/Smack-Bridging-Header.h";
				SWIFT_VERSION = 4.0;
				TARGETED_DEVICE_FAMILY = "1,2";
			};
			name = Release;
		};
/* End XCBuildConfiguration section */

/* Begin XCConfigurationList section */
		07A6B8611F36BF8500C26664 /* Build configuration list for PBXProject "Smack" */ = {
			isa = XCConfigurationList;
			buildConfigurations = (
				07A6B8761F36BF8500C26664 /* Debug */,
				07A6B8771F36BF8500C26664 /* Release */,
			);
			defaultConfigurationIsVisible = 0;
			defaultConfigurationName = Release;
		};
		07A6B8781F36BF8500C26664 /* Build configuration list for PBXNativeTarget "Smack" */ = {
			isa = XCConfigurationList;
			buildConfigurations = (
				07A6B8791F36BF8500C26664 /* Debug */,
				07A6B87A1F36BF8500C26664 /* Release */,
			);
			defaultConfigurationIsVisible = 0;
			defaultConfigurationName = Release;
		};
/* End XCConfigurationList section */
	};
	rootObject = 07A6B85E1F36BF8500C26664 /* Project object */;
}
